// !$*UTF8*$!
{
	archiveVersion = 1;
	classes = {
	};
	objectVersion = 46;
	objects = {

/* Begin PBXBuildFile section */
		CC40316F1C5B150C00B1C2D6 /* YRSideViewController.m in Sources */ = {isa = PBXBuildFile; fileRef = CC40316E1C5B150C00B1C2D6 /* YRSideViewController.m */; };
		CC7855FF1C5A00420007EA0E /* main.m in Sources */ = {isa = PBXBuildFile; fileRef = CC7855FE1C5A00420007EA0E /* main.m */; };
		CC7856021C5A00420007EA0E /* AppDelegate.m in Sources */ = {isa = PBXBuildFile; fileRef = CC7856011C5A00420007EA0E /* AppDelegate.m */; };
		CC7856081C5A00420007EA0E /* Main.storyboard in Resources */ = {isa = PBXBuildFile; fileRef = CC7856061C5A00420007EA0E /* Main.storyboard */; };
		CC78560A1C5A00420007EA0E /* Assets.xcassets in Resources */ = {isa = PBXBuildFile; fileRef = CC7856091C5A00420007EA0E /* Assets.xcassets */; };
		CC78560D1C5A00420007EA0E /* LaunchScreen.storyboard in Resources */ = {isa = PBXBuildFile; fileRef = CC78560B1C5A00420007EA0E /* LaunchScreen.storyboard */; };
		CC78561F1C5A35D00007EA0E /* SettingVC.m in Sources */ = {isa = PBXBuildFile; fileRef = CC78561E1C5A35D00007EA0E /* SettingVC.m */; };
		CC7856251C5A36480007EA0E /* AddVC.m in Sources */ = {isa = PBXBuildFile; fileRef = CC7856241C5A36480007EA0E /* AddVC.m */; };
		CC7856271C5A3C5F0007EA0E /* 6.png in Resources */ = {isa = PBXBuildFile; fileRef = CC7856261C5A3C5F0007EA0E /* 6.png */; };
		CC78562A1C5A40340007EA0E /* HomeVC.m in Sources */ = {isa = PBXBuildFile; fileRef = CC7856291C5A40340007EA0E /* HomeVC.m */; };
		CC7856321C5A485F0007EA0E /* ListCell.m in Sources */ = {isa = PBXBuildFile; fileRef = CC7856301C5A485F0007EA0E /* ListCell.m */; };
		CC7856331C5A485F0007EA0E /* ListCell.xib in Resources */ = {isa = PBXBuildFile; fileRef = CC7856311C5A485F0007EA0E /* ListCell.xib */; };
/* End PBXBuildFile section */

/* Begin PBXFileReference section */
		CC40316D1C5B150C00B1C2D6 /* YRSideViewController.h */ = {isa = PBXFileReference; fileEncoding = 4; lastKnownFileType = sourcecode.c.h; path = YRSideViewController.h; sourceTree = "<group>"; };
		CC40316E1C5B150C00B1C2D6 /* YRSideViewController.m */ = {isa = PBXFileReference; fileEncoding = 4; lastKnownFileType = sourcecode.c.objc; path = YRSideViewController.m; sourceTree = "<group>"; };
		CC7855FA1C5A00410007EA0E /* ToDo.app */ = {isa = PBXFileReference; explicitFileType = wrapper.application; includeInIndex = 0; path = ToDo.app; sourceTree = BUILT_PRODUCTS_DIR; };
		CC7855FE1C5A00420007EA0E /* main.m */ = {isa = PBXFileReference; lastKnownFileType = sourcecode.c.objc; path = main.m; sourceTree = "<group>"; };
		CC7856001C5A00420007EA0E /* AppDelegate.h */ = {isa = PBXFileReference; lastKnownFileType = sourcecode.c.h; path = AppDelegate.h; sourceTree = "<group>"; };
		CC7856011C5A00420007EA0E /* AppDelegate.m */ = {isa = PBXFileReference; lastKnownFileType = sourcecode.c.objc; path = AppDelegate.m; sourceTree = "<group>"; };
		CC7856071C5A00420007EA0E /* Base */ = {isa = PBXFileReference; lastKnownFileType = file.storyboard; name = Base; path = Base.lproj/Main.storyboard; sourceTree = "<group>"; };
		CC7856091C5A00420007EA0E /* Assets.xcassets */ = {isa = PBXFileReference; lastKnownFileType = folder.assetcatalog; path = Assets.xcassets; sourceTree = "<group>"; };
		CC78560C1C5A00420007EA0E /* Base */ = {isa = PBXFileReference; lastKnownFileType = file.storyboard; name = Base; path = Base.lproj/LaunchScreen.storyboard; sourceTree = "<group>"; };
		CC78560E1C5A00420007EA0E /* Info.plist */ = {isa = PBXFileReference; lastKnownFileType = text.plist.xml; path = Info.plist; sourceTree = "<group>"; };
		CC78561D1C5A35D00007EA0E /* SettingVC.h */ = {isa = PBXFileReference; fileEncoding = 4; lastKnownFileType = sourcecode.c.h; path = SettingVC.h; sourceTree = "<group>"; };
		CC78561E1C5A35D00007EA0E /* SettingVC.m */ = {isa = PBXFileReference; fileEncoding = 4; lastKnownFileType = sourcecode.c.objc; path = SettingVC.m; sourceTree = "<group>"; };
		CC7856231C5A36480007EA0E /* AddVC.h */ = {isa = PBXFileReference; fileEncoding = 4; lastKnownFileType = sourcecode.c.h; path = AddVC.h; sourceTree = "<group>"; };
		CC7856241C5A36480007EA0E /* AddVC.m */ = {isa = PBXFileReference; fileEncoding = 4; lastKnownFileType = sourcecode.c.objc; path = AddVC.m; sourceTree = "<group>"; };
		CC7856261C5A3C5F0007EA0E /* 6.png */ = {isa = PBXFileReference; lastKnownFileType = image.png; path = 6.png; sourceTree = "<group>"; };
		CC7856281C5A40340007EA0E /* HomeVC.h */ = {isa = PBXFileReference; fileEncoding = 4; lastKnownFileType = sourcecode.c.h; path = HomeVC.h; sourceTree = "<group>"; };
		CC7856291C5A40340007EA0E /* HomeVC.m */ = {isa = PBXFileReference; fileEncoding = 4; lastKnownFileType = sourcecode.c.objc; path = HomeVC.m; sourceTree = "<group>"; };
		CC78562F1C5A485F0007EA0E /* ListCell.h */ = {isa = PBXFileReference; fileEncoding = 4; lastKnownFileType = sourcecode.c.h; path = ListCell.h; sourceTree = "<group>"; };
		CC7856301C5A485F0007EA0E /* ListCell.m */ = {isa = PBXFileReference; fileEncoding = 4; lastKnownFileType = sourcecode.c.objc; path = ListCell.m; sourceTree = "<group>"; };
		CC7856311C5A485F0007EA0E /* ListCell.xib */ = {isa = PBXFileReference; fileEncoding = 4; lastKnownFileType = file.xib; path = ListCell.xib; sourceTree = "<group>"; };
		CC7856341C5A4B410007EA0E /* Common.h */ = {isa = PBXFileReference; lastKnownFileType = sourcecode.c.h; path = Common.h; sourceTree = "<group>"; };
/* End PBXFileReference section */

/* Begin PBXFrameworksBuildPhase section */
		CC7855F71C5A00410007EA0E /* Frameworks */ = {
			isa = PBXFrameworksBuildPhase;
			buildActionMask = 2147483647;
			files = (
			);
			runOnlyForDeploymentPostprocessing = 0;
		};
/* End PBXFrameworksBuildPhase section */

/* Begin PBXGroup section */
		CC40316C1C5B150C00B1C2D6 /* YRSideViewController */ = {
			isa = PBXGroup;
			children = (
				CC40316D1C5B150C00B1C2D6 /* YRSideViewController.h */,
				CC40316E1C5B150C00B1C2D6 /* YRSideViewController.m */,
			);
			path = YRSideViewController;
			sourceTree = "<group>";
		};
		CC7855F11C5A00410007EA0E = {
			isa = PBXGroup;
			children = (
				CC7855FC1C5A00420007EA0E /* ToDo */,
				CC7855FB1C5A00410007EA0E /* Products */,
			);
			sourceTree = "<group>";
		};
		CC7855FB1C5A00410007EA0E /* Products */ = {
			isa = PBXGroup;
			children = (
				CC7855FA1C5A00410007EA0E /* ToDo.app */,
			);
			name = Products;
			sourceTree = "<group>";
		};
		CC7855FC1C5A00420007EA0E /* ToDo */ = {
			isa = PBXGroup;
			children = (
				CC7856181C5A35530007EA0E /* OpenSource */,
				CC7856171C5A354A0007EA0E /* Others */,
				CC7856161C5A353A0007EA0E /* Models */,
				CC7856151C5A35330007EA0E /* Views */,
				CC7856141C5A35180007EA0E /* Controllers */,
				CC7855FD1C5A00420007EA0E /* Supporting Files */,
			);
			path = ToDo;
			sourceTree = "<group>";
		};
		CC7855FD1C5A00420007EA0E /* Supporting Files */ = {
			isa = PBXGroup;
			children = (
				CC7856261C5A3C5F0007EA0E /* 6.png */,
				CC7856091C5A00420007EA0E /* Assets.xcassets */,
				CC78560B1C5A00420007EA0E /* LaunchScreen.storyboard */,
				CC78560E1C5A00420007EA0E /* Info.plist */,
				CC7855FE1C5A00420007EA0E /* main.m */,
			);
			name = "Supporting Files";
			sourceTree = "<group>";
		};
		CC7856141C5A35180007EA0E /* Controllers */ = {
			isa = PBXGroup;
			children = (
				CC78561D1C5A35D00007EA0E /* SettingVC.h */,
				CC78561E1C5A35D00007EA0E /* SettingVC.m */,
				CC7856281C5A40340007EA0E /* HomeVC.h */,
				CC7856291C5A40340007EA0E /* HomeVC.m */,
				CC7856231C5A36480007EA0E /* AddVC.h */,
				CC7856241C5A36480007EA0E /* AddVC.m */,
			);
			name = Controllers;
			sourceTree = "<group>";
		};
		CC7856151C5A35330007EA0E /* Views */ = {
			isa = PBXGroup;
			children = (
				CC7856061C5A00420007EA0E /* Main.storyboard */,
				CC78562F1C5A485F0007EA0E /* ListCell.h */,
				CC7856301C5A485F0007EA0E /* ListCell.m */,
				CC7856311C5A485F0007EA0E /* ListCell.xib */,
			);
			name = Views;
			sourceTree = "<group>";
		};
		CC7856161C5A353A0007EA0E /* Models */ = {
			isa = PBXGroup;
			children = (
			);
			name = Models;
			sourceTree = "<group>";
		};
		CC7856171C5A354A0007EA0E /* Others */ = {
			isa = PBXGroup;
			children = (
				CC7856001C5A00420007EA0E /* AppDelegate.h */,
				CC7856011C5A00420007EA0E /* AppDelegate.m */,
				CC7856341C5A4B410007EA0E /* Common.h */,
			);
			name = Others;
			sourceTree = "<group>";
		};
		CC7856181C5A35530007EA0E /* OpenSource */ = {
			isa = PBXGroup;
			children = (
				CC40316C1C5B150C00B1C2D6 /* YRSideViewController */,
			);
			name = OpenSource;
			sourceTree = "<group>";
		};
/* End PBXGroup section */

/* Begin PBXNativeTarget section */
		CC7855F91C5A00410007EA0E /* ToDo */ = {
			isa = PBXNativeTarget;
			buildConfigurationList = CC7856111C5A00420007EA0E /* Build configuration list for PBXNativeTarget "ToDo" */;
			buildPhases = (
				CC7855F61C5A00410007EA0E /* Sources */,
				CC7855F71C5A00410007EA0E /* Frameworks */,
				CC7855F81C5A00410007EA0E /* Resources */,
			);
			buildRules = (
			);
			dependencies = (
			);
			name = ToDo;
			productName = ToDo;
			productReference = CC7855FA1C5A00410007EA0E /* ToDo.app */;
			productType = "com.apple.product-type.application";
		};
/* End PBXNativeTarget section */

/* Begin PBXProject section */
		CC7855F21C5A00410007EA0E /* Project object */ = {
			isa = PBXProject;
			attributes = {
				LastUpgradeCheck = 0710;
				ORGANIZATIONNAME = qingyun;
				TargetAttributes = {
					CC7855F91C5A00410007EA0E = {
						CreatedOnToolsVersion = 7.1;
					};
				};
			};
			buildConfigurationList = CC7855F51C5A00410007EA0E /* Build configuration list for PBXProject "ToDo" */;
			compatibilityVersion = "Xcode 3.2";
			developmentRegion = English;
			hasScannedForEncodings = 0;
			knownRegions = (
				en,
				Base,
			);
			mainGroup = CC7855F11C5A00410007EA0E;
			productRefGroup = CC7855FB1C5A00410007EA0E /* Products */;
			projectDirPath = "";
			projectRoot = "";
			targets = (
				CC7855F91C5A00410007EA0E /* ToDo */,
			);
		};
/* End PBXProject section */

/* Begin PBXResourcesBuildPhase section */
		CC7855F81C5A00410007EA0E /* Resources */ = {
			isa = PBXResourcesBuildPhase;
			buildActionMask = 2147483647;
			files = (
				CC78560D1C5A00420007EA0E /* LaunchScreen.storyboard in Resources */,
				CC7856331C5A485F0007EA0E /* ListCell.xib in Resources */,
				CC78560A1C5A00420007EA0E /* Assets.xcassets in Resources */,
				CC7856271C5A3C5F0007EA0E /* 6.png in Resources */,
				CC7856081C5A00420007EA0E /* Main.storyboard in Resources */,
			);
			runOnlyForDeploymentPostprocessing = 0;
		};
/* End PBXResourcesBuildPhase section */

/* Begin PBXSourcesBuildPhase section */
		CC7855F61C5A00410007EA0E /* Sources */ = {
			isa = PBXSourcesBuildPhase;
			buildActionMask = 2147483647;
			files = (
				CC40316F1C5B150C00B1C2D6 /* YRSideViewController.m in Sources */,
				CC78561F1C5A35D00007EA0E /* SettingVC.m in Sources */,
				CC7856321C5A485F0007EA0E /* ListCell.m in Sources */,
				CC7856021C5A00420007EA0E /* AppDelegate.m in Sources */,
				CC7856251C5A36480007EA0E /* AddVC.m in Sources */,
				CC78562A1C5A40340007EA0E /* HomeVC.m in Sources */,
				CC7855FF1C5A00420007EA0E /* main.m in Sources */,
			);
			runOnlyForDeploymentPostprocessing = 0;
		};
/* End PBXSourcesBuildPhase section */

/* Begin PBXVariantGroup section */
		CC7856061C5A00420007EA0E /* Main.storyboard */ = {
			isa = PBXVariantGroup;
			children = (
				CC7856071C5A00420007EA0E /* Base */,
			);
			name = Main.storyboard;
			sourceTree = "<group>";
		};
		CC78560B1C5A00420007EA0E /* LaunchScreen.storyboard */ = {
			isa = PBXVariantGroup;
			children = (
				CC78560C1C5A00420007EA0E /* Base */,
			);
			name = LaunchScreen.storyboard;
			sourceTree = "<group>";
		};
/* End PBXVariantGroup section */

/* Begin XCBuildConfiguration section */
		CC78560F1C5A00420007EA0E /* Debug */ = {
			isa = XCBuildConfiguration;
			buildSettings = {
				ALWAYS_SEARCH_USER_PATHS = NO;
				CLANG_CXX_LANGUAGE_STANDARD = "gnu++0x";
				CLANG_CXX_LIBRARY = "libc++";
				CLANG_ENABLE_MODULES = YES;
				CLANG_ENABLE_OBJC_ARC = YES;
				CLANG_WARN_BOOL_CONVERSION = YES;
				CLANG_WARN_CONSTANT_CONVERSION = YES;
				CLANG_WARN_DIRECT_OBJC_ISA_USAGE = YES_ERROR;
				CLANG_WARN_EMPTY_BODY = YES;
				CLANG_WARN_ENUM_CONVERSION = YES;
				CLANG_WARN_INT_CONVERSION = YES;
				CLANG_WARN_OBJC_ROOT_CLASS = YES_ERROR;
				CLANG_WARN_UNREACHABLE_CODE = YES;
				CLANG_WARN__DUPLICATE_METHOD_MATCH = YES;
				"CODE_SIGN_IDENTITY[sdk=iphoneos*]" = "iPhone Developer";
				COPY_PHASE_STRIP = NO;
				DEBUG_INFORMATION_FORMAT = dwarf;
				ENABLE_STRICT_OBJC_MSGSEND = YES;
				ENABLE_TESTABILITY = YES;
				GCC_C_LANGUAGE_STANDARD = gnu99;
				GCC_DYNAMIC_NO_PIC = NO;
				GCC_NO_COMMON_BLOCKS = YES;
				GCC_OPTIMIZATION_LEVEL = 0;
				GCC_PREPROCESSOR_DEFINITIONS = (
					"DEBUG=1",
					"$(inherited)",
				);
				GCC_WARN_64_TO_32_BIT_CONVERSION = YES;
				GCC_WARN_ABOUT_RETURN_TYPE = YES_ERROR;
				GCC_WARN_UNDECLARED_SELECTOR = YES;
				GCC_WARN_UNINITIALIZED_AUTOS = YES_AGGRESSIVE;
				GCC_WARN_UNUSED_FUNCTION = YES;
				GCC_WARN_UNUSED_VARIABLE = YES;
				IPHONEOS_DEPLOYMENT_TARGET = 9.1;
				MTL_ENABLE_DEBUG_INFO = YES;
				ONLY_ACTIVE_ARCH = YES;
				SDKROOT = iphoneos;
			};
			name = Debug;
		};
		CC7856101C5A00420007EA0E /* Release */ = {
			isa = XCBuildConfiguration;
			buildSettings = {
				ALWAYS_SEARCH_USER_PATHS = NO;
				CLANG_CXX_LANGUAGE_STANDARD = "gnu++0x";
				CLANG_CXX_LIBRARY = "libc++";
				CLANG_ENABLE_MODULES = YES;
				CLANG_ENABLE_OBJC_ARC = YES;
				CLANG_WARN_BOOL_CONVERSION = YES;
				CLANG_WARN_CONSTANT_CONVERSION = YES;
				CLANG_WARN_DIRECT_OBJC_ISA_USAGE = YES_ERROR;
				CLANG_WARN_EMPTY_BODY = YES;
				CLANG_WARN_ENUM_CONVERSION = YES;
				CLANG_WARN_INT_CONVERSION = YES;
				CLANG_WARN_OBJC_ROOT_CLASS = YES_ERROR;
				CLANG_WARN_UNREACHABLE_CODE = YES;
				CLANG_WARN__DUPLICATE_METHOD_MATCH = YES;
				"CODE_SIGN_IDENTITY[sdk=iphoneos*]" = "iPhone Developer";
				COPY_PHASE_STRIP = NO;
				DEBUG_INFORMATION_FORMAT = "dwarf-with-dsym";
				ENABLE_NS_ASSERTIONS = NO;
				ENABLE_STRICT_OBJC_MSGSEND = YES;
				GCC_C_LANGUAGE_STANDARD = gnu99;
				GCC_NO_COMMON_BLOCKS = YES;
				GCC_WARN_64_TO_32_BIT_CONVERSION = YES;
				GCC_WARN_ABOUT_RETURN_TYPE = YES_ERROR;
				GCC_WARN_UNDECLARED_SELECTOR = YES;
				GCC_WARN_UNINITIALIZED_AUTOS = YES_AGGRESSIVE;
				GCC_WARN_UNUSED_FUNCTION = YES;
				GCC_WARN_UNUSED_VARIABLE = YES;
				IPHONEOS_DEPLOYMENT_TARGET = 9.1;
				MTL_ENABLE_DEBUG_INFO = NO;
				SDKROOT = iphoneos;
				VALIDATE_PRODUCT = YES;
			};
			name = Release;
		};
		CC7856121C5A00420007EA0E /* Debug */ = {
			isa = XCBuildConfiguration;
			buildSettings = {
				ASSETCATALOG_COMPILER_APPICON_NAME = AppIcon;
				INFOPLIST_FILE = ToDo/Info.plist;
				LD_RUNPATH_SEARCH_PATHS = "$(inherited) @executable_path/Frameworks";
				PRODUCT_BUNDLE_IDENTIFIER = com.qingyun.ToDo;
				PRODUCT_NAME = "$(TARGET_NAME)";
			};
			name = Debug;
		};
		CC7856131C5A00420007EA0E /* Release */ = {
			isa = XCBuildConfiguration;
			buildSettings = {
				ASSETCATALOG_COMPILER_APPICON_NAME = AppIcon;
				INFOPLIST_FILE = ToDo/Info.plist;
				LD_RUNPATH_SEARCH_PATHS = "$(inherited) @executable_path/Frameworks";
				PRODUCT_BUNDLE_IDENTIFIER = com.qingyun.ToDo;
				PRODUCT_NAME = "$(TARGET_NAME)";
			};
			name = Release;
		};
/* End XCBuildConfiguration section */

/* Begin XCConfigurationList section */
		CC7855F51C5A00410007EA0E /* Build configuration list for PBXProject "ToDo" */ = {
			isa = XCConfigurationList;
			buildConfigurations = (
				CC78560F1C5A00420007EA0E /* Debug */,
				CC7856101C5A00420007EA0E /* Release */,
			);
			defaultConfigurationIsVisible = 0;
			defaultConfigurationName = Release;
		};
		CC7856111C5A00420007EA0E /* Build configuration list for PBXNativeTarget "ToDo" */ = {
			isa = XCConfigurationList;
			buildConfigurations = (
				CC7856121C5A00420007EA0E /* Debug */,
				CC7856131C5A00420007EA0E /* Release */,
			);
			defaultConfigurationIsVisible = 0;
			defaultConfigurationName = Release;
		};
/* End XCConfigurationList section */
	};
	rootObject = CC7855F21C5A00410007EA0E /* Project object */;
}
